
Microsoft Visual Studio Solution File, Format Version 12.00
# Visual Studio Version 16
VisualStudioVersion = 16.0.29318.209
MinimumVisualStudioVersion = 10.0.40219.1
Project("{FAE04EC0-301F-11D3-BF4B-00C04F79EFBC}") = "Taschenrechner", "Taschenrechner\Taschenrechner.csproj", "{5B123BC1-F13E-4232-89BC-2B85414173CD}"
EndProject
Project("{FAE04EC0-301F-11D3-BF4B-00C04F79EFBC}") = "Taschenrechner.Tests", "Taschenrechner.Tests\Taschenrechner.Tests.csproj", "{84174780-7A25-49B4-9798-1B4747101CB6}"
EndProject
Project("{FAE04EC0-301F-11D3-BF4B-00C04F79EFBC}") = "Taschenrechner.Tests.NUnit", "Taschenrechner.Tests.NUnit\Taschenrechner.Tests.NUnit.csproj", "{E3EEE99A-DC45-44EF-82FC-478A1DA06964}"
EndProject
Project("{FAE04EC0-301F-11D3-BF4B-00C04F79EFBC}") = "Taschenrechner.Tests.XUnit", "Taschenrechner.Tests.XUnit\Taschenrechner.Tests.XUnit.csproj", "{1B9EF835-F51F-4EA5-B34E-37B0B5781F64}"
EndProject
Global
	GlobalSection(SolutionConfigurationPlatforms) = preSolution
		Debug|Any CPU = Debug|Any CPU
		Release|Any CPU = Release|Any CPU
	EndGlobalSection
	GlobalSection(ProjectConfigurationPlatforms) = postSolution
		{5B123BC1-F13E-4232-89BC-2B85414173CD}.Debug|Any CPU.ActiveCfg = Debug|Any CPU
		{5B123BC1-F13E-4232-89BC-2B85414173CD}.Debug|Any CPU.Build.0 = Debug|Any CPU
		{5B123BC1-F13E-4232-89BC-2B85414173CD}.Release|Any CPU.ActiveCfg = Release|Any CPU
		{5B123BC1-F13E-4232-89BC-2B85414173CD}.Release|Any CPU.Build.0 = Release|Any CPU
		{84174780-7A25-49B4-9798-1B4747101CB6}.Debug|Any CPU.ActiveCfg = Debug|Any CPU
		{84174780-7A25-49B4-9798-1B4747101CB6}.Debug|Any CPU.Build.0 = Debug|Any CPU
		{84174780-7A25-49B4-9798-1B4747101CB6}.Release|Any CPU.ActiveCfg = Release|Any CPU
		{84174780-7A25-49B4-9798-1B4747101CB6}.Release|Any CPU.Build.0 = Release|Any CPU
		{E3EEE99A-DC45-44EF-82FC-478A1DA06964}.Debug|Any CPU.ActiveCfg = Debug|Any CPU
		{E3EEE99A-DC45-44EF-82FC-478A1DA06964}.Debug|Any CPU.Build.0 = Debug|Any CPU
		{E3EEE99A-DC45-44EF-82FC-478A1DA06964}.Release|Any CPU.ActiveCfg = Release|Any CPU
		{E3EEE99A-DC45-44EF-82FC-478A1DA06964}.Release|Any CPU.Build.0 = Release|Any CPU
		{1B9EF835-F51F-4EA5-B34E-37B0B5781F64}.Debug|Any CPU.ActiveCfg = Debug|Any CPU
		{1B9EF835-F51F-4EA5-B34E-37B0B5781F64}.Debug|Any CPU.Build.0 = Debug|Any CPU
		{1B9EF835-F51F-4EA5-B34E-37B0B5781F64}.Release|Any CPU.ActiveCfg = Release|Any CPU
		{1B9EF835-F51F-4EA5-B34E-37B0B5781F64}.Release|Any CPU.Build.0 = Release|Any CPU
	EndGlobalSection
	GlobalSection(SolutionProperties) = preSolution
		HideSolutionNode = FALSE
	EndGlobalSection
	GlobalSection(ExtensibilityGlobals) = postSolution
		SolutionGuid = {E793173C-3E44-42AF-BAEF-A7F61BDF7CE6}
	EndGlobalSection
EndGlobal
