
Microsoft Visual Studio Solution File, Format Version 12.00
# Visual Studio Version 16
VisualStudioVersion = 16.0.29318.209
MinimumVisualStudioVersion = 10.0.40219.1
Project("{2150E333-8FDC-42A3-9474-1A3956D46DE8}") = "Domain", "Domain", "{8F31D1C9-8E17-4641-A49C-80677BF7805B}"
EndProject
Project("{2150E333-8FDC-42A3-9474-1A3956D46DE8}") = "Logic", "Logic", "{E2D50864-69D0-444F-96A7-00D5C2949801}"
EndProject
Project("{2150E333-8FDC-42A3-9474-1A3956D46DE8}") = "Data", "Data", "{09991D28-F908-45D1-84A1-5E2E397EDFA2}"
EndProject
Project("{2150E333-8FDC-42A3-9474-1A3956D46DE8}") = "UI", "UI", "{E5A2AC6E-9FF1-4BC9-91FB-E23FF02D6F8A}"
EndProject
Project("{FAE04EC0-301F-11D3-BF4B-00C04F79EFBC}") = "ppedv.Personeverwaltung.Domain", "ppedv.Personeverwaltung.Domain\ppedv.Personeverwaltung.Domain.csproj", "{21BA694F-61CD-4D6E-B850-A68E4B97AD37}"
EndProject
Project("{FAE04EC0-301F-11D3-BF4B-00C04F79EFBC}") = "ppedv.Personenverwaltung.Data.EF", "ppedv.Personenverwaltung.Data.EF\ppedv.Personenverwaltung.Data.EF.csproj", "{2EB68134-E57B-44A1-8917-34E015022EE2}"
EndProject
Project("{FAE04EC0-301F-11D3-BF4B-00C04F79EFBC}") = "ppedv.Personenverwaltung.Data.EF.Tests", "ppedv.Personenverwaltung.Data.EF.Tests\ppedv.Personenverwaltung.Data.EF.Tests.csproj", "{5E9D8257-6CE9-44ED-9488-EB07CC6BF140}"
EndProject
Project("{FAE04EC0-301F-11D3-BF4B-00C04F79EFBC}") = "ppedv.Personenverwaltung.Logic", "ppedv.Personenverwaltung.Logic\ppedv.Personenverwaltung.Logic.csproj", "{F3D69113-5273-4151-BE5E-9DDEF6A1705B}"
EndProject
Project("{2150E333-8FDC-42A3-9474-1A3956D46DE8}") = "Hardware", "Hardware", "{575C269B-704A-4821-9534-DF7056C0A35A}"
EndProject
Project("{FAE04EC0-301F-11D3-BF4B-00C04F79EFBC}") = "Robotech.Hardware", "Robotech.Hardware\Robotech.Hardware.csproj", "{4916BB23-22B3-42AC-B415-5AADE04A000E}"
EndProject
Global
	GlobalSection(SolutionConfigurationPlatforms) = preSolution
		Debug|Any CPU = Debug|Any CPU
		Release|Any CPU = Release|Any CPU
	EndGlobalSection
	GlobalSection(ProjectConfigurationPlatforms) = postSolution
		{21BA694F-61CD-4D6E-B850-A68E4B97AD37}.Debug|Any CPU.ActiveCfg = Debug|Any CPU
		{21BA694F-61CD-4D6E-B850-A68E4B97AD37}.Debug|Any CPU.Build.0 = Debug|Any CPU
		{21BA694F-61CD-4D6E-B850-A68E4B97AD37}.Release|Any CPU.ActiveCfg = Release|Any CPU
		{21BA694F-61CD-4D6E-B850-A68E4B97AD37}.Release|Any CPU.Build.0 = Release|Any CPU
		{2EB68134-E57B-44A1-8917-34E015022EE2}.Debug|Any CPU.ActiveCfg = Debug|Any CPU
		{2EB68134-E57B-44A1-8917-34E015022EE2}.Debug|Any CPU.Build.0 = Debug|Any CPU
		{2EB68134-E57B-44A1-8917-34E015022EE2}.Release|Any CPU.ActiveCfg = Release|Any CPU
		{2EB68134-E57B-44A1-8917-34E015022EE2}.Release|Any CPU.Build.0 = Release|Any CPU
		{5E9D8257-6CE9-44ED-9488-EB07CC6BF140}.Debug|Any CPU.ActiveCfg = Debug|Any CPU
		{5E9D8257-6CE9-44ED-9488-EB07CC6BF140}.Debug|Any CPU.Build.0 = Debug|Any CPU
		{5E9D8257-6CE9-44ED-9488-EB07CC6BF140}.Release|Any CPU.ActiveCfg = Release|Any CPU
		{5E9D8257-6CE9-44ED-9488-EB07CC6BF140}.Release|Any CPU.Build.0 = Release|Any CPU
		{F3D69113-5273-4151-BE5E-9DDEF6A1705B}.Debug|Any CPU.ActiveCfg = Debug|Any CPU
		{F3D69113-5273-4151-BE5E-9DDEF6A1705B}.Debug|Any CPU.Build.0 = Debug|Any CPU
		{F3D69113-5273-4151-BE5E-9DDEF6A1705B}.Release|Any CPU.ActiveCfg = Release|Any CPU
		{F3D69113-5273-4151-BE5E-9DDEF6A1705B}.Release|Any CPU.Build.0 = Release|Any CPU
		{4916BB23-22B3-42AC-B415-5AADE04A000E}.Debug|Any CPU.ActiveCfg = Debug|Any CPU
		{4916BB23-22B3-42AC-B415-5AADE04A000E}.Debug|Any CPU.Build.0 = Debug|Any CPU
		{4916BB23-22B3-42AC-B415-5AADE04A000E}.Release|Any CPU.ActiveCfg = Release|Any CPU
		{4916BB23-22B3-42AC-B415-5AADE04A000E}.Release|Any CPU.Build.0 = Release|Any CPU
	EndGlobalSection
	GlobalSection(SolutionProperties) = preSolution
		HideSolutionNode = FALSE
	EndGlobalSection
	GlobalSection(NestedProjects) = preSolution
		{21BA694F-61CD-4D6E-B850-A68E4B97AD37} = {8F31D1C9-8E17-4641-A49C-80677BF7805B}
		{2EB68134-E57B-44A1-8917-34E015022EE2} = {09991D28-F908-45D1-84A1-5E2E397EDFA2}
		{5E9D8257-6CE9-44ED-9488-EB07CC6BF140} = {09991D28-F908-45D1-84A1-5E2E397EDFA2}
		{F3D69113-5273-4151-BE5E-9DDEF6A1705B} = {E2D50864-69D0-444F-96A7-00D5C2949801}
		{4916BB23-22B3-42AC-B415-5AADE04A000E} = {575C269B-704A-4821-9534-DF7056C0A35A}
	EndGlobalSection
	GlobalSection(ExtensibilityGlobals) = postSolution
		SolutionGuid = {D279C4B2-CEF8-464B-B51A-3523657B4B53}
	EndGlobalSection
EndGlobal
